
Microsoft Visual Studio Solution File, Format Version 12.00
# Visual Studio 15
VisualStudioVersion = 15.0.28307.572
MinimumVisualStudioVersion = 10.0.40219.1
Project("{FAE04EC0-301F-11D3-BF4B-00C04F79EFBC}") = "Algorithm Project", "Algorithm Project\Algorithm Project.csproj", "{D013BA5A-403C-4F1E-ABF2-86598DB710D5}"
EndProject
Global
	GlobalSection(SolutionConfigurationPlatforms) = preSolution
		Debug|Any CPU = Debug|Any CPU
		Release|Any CPU = Release|Any CPU
	EndGlobalSection
	GlobalSection(ProjectConfigurationPlatforms) = postSolution
		{D013BA5A-403C-4F1E-ABF2-86598DB710D5}.Debug|Any CPU.ActiveCfg = Debug|Any CPU
		{D013BA5A-403C-4F1E-ABF2-86598DB710D5}.Debug|Any CPU.Build.0 = Debug|Any CPU
		{D013BA5A-403C-4F1E-ABF2-86598DB710D5}.Release|Any CPU.ActiveCfg = Release|Any CPU
		{D013BA5A-403C-4F1E-ABF2-86598DB710D5}.Release|Any CPU.Build.0 = Release|Any CPU
	EndGlobalSection
	GlobalSection(SolutionProperties) = preSolution
		HideSolutionNode = FALSE
	EndGlobalSection
	GlobalSection(ExtensibilityGlobals) = postSolution
		SolutionGuid = {256700EB-8B9A-4735-AAE5-147BCA37DAB1}
	EndGlobalSection
EndGlobal
